// !$*UTF8*$!
{
	archiveVersion = 1;
	classes = {
	};
	objectVersion = 50;
	objects = {

/* Begin PBXBuildFile section */
		3D13B31B23472E6E0057F905 /* AppDelegate.swift in Sources */ = {isa = PBXBuildFile; fileRef = 3D13B31A23472E6E0057F905 /* AppDelegate.swift */; };
		3D13B31D23472E6E0057F905 /* SceneDelegate.swift in Sources */ = {isa = PBXBuildFile; fileRef = 3D13B31C23472E6E0057F905 /* SceneDelegate.swift */; };
		3D13B31F23472E6E0057F905 /* ViewController.swift in Sources */ = {isa = PBXBuildFile; fileRef = 3D13B31E23472E6E0057F905 /* ViewController.swift */; };
		3D13B32223472E6E0057F905 /* Main.storyboard in Resources */ = {isa = PBXBuildFile; fileRef = 3D13B32023472E6E0057F905 /* Main.storyboard */; };
		3D13B32423472E6E0057F905 /* Assets.xcassets in Resources */ = {isa = PBXBuildFile; fileRef = 3D13B32323472E6E0057F905 /* Assets.xcassets */; };
		3D13B32723472E6E0057F905 /* LaunchScreen.storyboard in Resources */ = {isa = PBXBuildFile; fileRef = 3D13B32523472E6E0057F905 /* LaunchScreen.storyboard */; };
		3D13B32F23472E790057F905 /* PropertyTape.swift in Sources */ = {isa = PBXBuildFile; fileRef = 3D13B32E23472E790057F905 /* PropertyTape.swift */; };
		3D13B331234754700057F905 /* DicTape.swift in Sources */ = {isa = PBXBuildFile; fileRef = 3D13B330234754700057F905 /* DicTape.swift */; };
/* End PBXBuildFile section */

/* Begin PBXFileReference section */
		3D13B31723472E6E0057F905 /* YJKit.app */ = {isa = PBXFileReference; explicitFileType = wrapper.application; includeInIndex = 0; path = YJKit.app; sourceTree = BUILT_PRODUCTS_DIR; };
		3D13B31A23472E6E0057F905 /* AppDelegate.swift */ = {isa = PBXFileReference; lastKnownFileType = sourcecode.swift; path = AppDelegate.swift; sourceTree = "<group>"; };
		3D13B31C23472E6E0057F905 /* SceneDelegate.swift */ = {isa = PBXFileReference; lastKnownFileType = sourcecode.swift; path = SceneDelegate.swift; sourceTree = "<group>"; };
		3D13B31E23472E6E0057F905 /* ViewController.swift */ = {isa = PBXFileReference; lastKnownFileType = sourcecode.swift; path = ViewController.swift; sourceTree = "<group>"; };
		3D13B32123472E6E0057F905 /* Base */ = {isa = PBXFileReference; lastKnownFileType = file.storyboard; name = Base; path = Base.lproj/Main.storyboard; sourceTree = "<group>"; };
		3D13B32323472E6E0057F905 /* Assets.xcassets */ = {isa = PBXFileReference; lastKnownFileType = folder.assetcatalog; path = Assets.xcassets; sourceTree = "<group>"; };
		3D13B32623472E6E0057F905 /* Base */ = {isa = PBXFileReference; lastKnownFileType = file.storyboard; name = Base; path = Base.lproj/LaunchScreen.storyboard; sourceTree = "<group>"; };
		3D13B32823472E6E0057F905 /* Info.plist */ = {isa = PBXFileReference; lastKnownFileType = text.plist.xml; path = Info.plist; sourceTree = "<group>"; };
		3D13B32E23472E790057F905 /* PropertyTape.swift */ = {isa = PBXFileReference; fileEncoding = 4; lastKnownFileType = sourcecode.swift; path = PropertyTape.swift; sourceTree = "<group>"; };
		3D13B330234754700057F905 /* DicTape.swift */ = {isa = PBXFileReference; lastKnownFileType = sourcecode.swift; path = DicTape.swift; sourceTree = "<group>"; };
/* End PBXFileReference section */

/* Begin PBXFrameworksBuildPhase section */
		3D13B31423472E6E0057F905 /* Frameworks */ = {
			isa = PBXFrameworksBuildPhase;
			buildActionMask = 2147483647;
			files = (
			);
			runOnlyForDeploymentPostprocessing = 0;
		};
/* End PBXFrameworksBuildPhase section */

/* Begin PBXGroup section */
		3D13B30E23472E6E0057F905 = {
			isa = PBXGroup;
			children = (
				3D13B31923472E6E0057F905 /* YJKit */,
				3D13B31823472E6E0057F905 /* Products */,
			);
			sourceTree = "<group>";
		};
		3D13B31823472E6E0057F905 /* Products */ = {
			isa = PBXGroup;
			children = (
				3D13B31723472E6E0057F905 /* YJKit.app */,
			);
			name = Products;
			sourceTree = "<group>";
		};
		3D13B31923472E6E0057F905 /* YJKit */ = {
			isa = PBXGroup;
			children = (
				3D13B31A23472E6E0057F905 /* AppDelegate.swift */,
				3D13B31C23472E6E0057F905 /* SceneDelegate.swift */,
				3D13B31E23472E6E0057F905 /* ViewController.swift */,
				3D13B32E23472E790057F905 /* PropertyTape.swift */,
				3D13B330234754700057F905 /* DicTape.swift */,
				3D13B32023472E6E0057F905 /* Main.storyboard */,
				3D13B32323472E6E0057F905 /* Assets.xcassets */,
				3D13B32523472E6E0057F905 /* LaunchScreen.storyboard */,
				3D13B32823472E6E0057F905 /* Info.plist */,
			);
			path = YJKit;
			sourceTree = "<group>";
		};
/* End PBXGroup section */

/* Begin PBXNativeTarget section */
		3D13B31623472E6E0057F905 /* YJKit */ = {
			isa = PBXNativeTarget;
			buildConfigurationList = 3D13B32B23472E6E0057F905 /* Build configuration list for PBXNativeTarget "YJKit" */;
			buildPhases = (
				3D13B31323472E6E0057F905 /* Sources */,
				3D13B31423472E6E0057F905 /* Frameworks */,
				3D13B31523472E6E0057F905 /* Resources */,
			);
			buildRules = (
			);
			dependencies = (
			);
			name = YJKit;
			productName = YJKit;
			productReference = 3D13B31723472E6E0057F905 /* YJKit.app */;
			productType = "com.apple.product-type.application";
		};
/* End PBXNativeTarget section */

/* Begin PBXProject section */
		3D13B30F23472E6E0057F905 /* Project object */ = {
			isa = PBXProject;
			attributes = {
				LastSwiftUpdateCheck = 1100;
				LastUpgradeCheck = 1100;
				ORGANIZATIONNAME = YeKeyon;
				TargetAttributes = {
					3D13B31623472E6E0057F905 = {
						CreatedOnToolsVersion = 11.0;
					};
				};
			};
			buildConfigurationList = 3D13B31223472E6E0057F905 /* Build configuration list for PBXProject "YJKit" */;
			compatibilityVersion = "Xcode 9.3";
			developmentRegion = en;
			hasScannedForEncodings = 0;
			knownRegions = (
				en,
				Base,
			);
			mainGroup = 3D13B30E23472E6E0057F905;
			productRefGroup = 3D13B31823472E6E0057F905 /* Products */;
			projectDirPath = "";
			projectRoot = "";
			targets = (
				3D13B31623472E6E0057F905 /* YJKit */,
			);
		};
/* End PBXProject section */

/* Begin PBXResourcesBuildPhase section */
		3D13B31523472E6E0057F905 /* Resources */ = {
			isa = PBXResourcesBuildPhase;
			buildActionMask = 2147483647;
			files = (
				3D13B32723472E6E0057F905 /* LaunchScreen.storyboard in Resources */,
				3D13B32423472E6E0057F905 /* Assets.xcassets in Resources */,
				3D13B32223472E6E0057F905 /* Main.storyboard in Resources */,
			);
			runOnlyForDeploymentPostprocessing = 0;
		};
/* End PBXResourcesBuildPhase section */

/* Begin PBXSourcesBuildPhase section */
		3D13B31323472E6E0057F905 /* Sources */ = {
			isa = PBXSourcesBuildPhase;
			buildActionMask = 2147483647;
			files = (
				3D13B331234754700057F905 /* DicTape.swift in Sources */,
				3D13B31F23472E6E0057F905 /* ViewController.swift in Sources */,
				3D13B31B23472E6E0057F905 /* AppDelegate.swift in Sources */,
				3D13B31D23472E6E0057F905 /* SceneDelegate.swift in Sources */,
				3D13B32F23472E790057F905 /* PropertyTape.swift in Sources */,
			);
			runOnlyForDeploymentPostprocessing = 0;
		};
/* End PBXSourcesBuildPhase section */

/* Begin PBXVariantGroup section */
		3D13B32023472E6E0057F905 /* Main.storyboard */ = {
			isa = PBXVariantGroup;
			children = (
				3D13B32123472E6E0057F905 /* Base */,
			);
			name = Main.storyboard;
			sourceTree = "<group>";
		};
		3D13B32523472E6E0057F905 /* LaunchScreen.storyboard */ = {
			isa = PBXVariantGroup;
			children = (
				3D13B32623472E6E0057F905 /* Base */,
			);
			name = LaunchScreen.storyboard;
			sourceTree = "<group>";
		};
/* End PBXVariantGroup section */

/* Begin XCBuildConfiguration section */
		3D13B32923472E6E0057F905 /* Debug */ = {
			isa = XCBuildConfiguration;
			buildSettings = {
				ALWAYS_SEARCH_USER_PATHS = NO;
				CLANG_ANALYZER_NONNULL = YES;
				CLANG_ANALYZER_NUMBER_OBJECT_CONVERSION = YES_AGGRESSIVE;
				CLANG_CXX_LANGUAGE_STANDARD = "gnu++14";
				CLANG_CXX_LIBRARY = "libc++";
				CLANG_ENABLE_MODULES = YES;
				CLANG_ENABLE_OBJC_ARC = YES;
				CLANG_ENABLE_OBJC_WEAK = YES;
				CLANG_WARN_BLOCK_CAPTURE_AUTORELEASING = YES;
				CLANG_WARN_BOOL_CONVERSION = YES;
				CLANG_WARN_COMMA = YES;
				CLANG_WARN_CONSTANT_CONVERSION = YES;
				CLANG_WARN_DEPRECATED_OBJC_IMPLEMENTATIONS = YES;
				CLANG_WARN_DIRECT_OBJC_ISA_USAGE = YES_ERROR;
				CLANG_WARN_DOCUMENTATION_COMMENTS = YES;
				CLANG_WARN_EMPTY_BODY = YES;
				CLANG_WARN_ENUM_CONVERSION = YES;
				CLANG_WARN_INFINITE_RECURSION = YES;
				CLANG_WARN_INT_CONVERSION = YES;
				CLANG_WARN_NON_LITERAL_NULL_CONVERSION = YES;
				CLANG_WARN_OBJC_IMPLICIT_RETAIN_SELF = YES;
				CLANG_WARN_OBJC_LITERAL_CONVERSION = YES;
				CLANG_WARN_OBJC_ROOT_CLASS = YES_ERROR;
				CLANG_WARN_RANGE_LOOP_ANALYSIS = YES;
				CLANG_WARN_STRICT_PROTOTYPES = YES;
				CLANG_WARN_SUSPICIOUS_MOVE = YES;
				CLANG_WARN_UNGUARDED_AVAILABILITY = YES_AGGRESSIVE;
				CLANG_WARN_UNREACHABLE_CODE = YES;
				CLANG_WARN__DUPLICATE_METHOD_MATCH = YES;
				COPY_PHASE_STRIP = NO;
				DEBUG_INFORMATION_FORMAT = dwarf;
				ENABLE_STRICT_OBJC_MSGSEND = YES;
				ENABLE_TESTABILITY = YES;
				GCC_C_LANGUAGE_STANDARD = gnu11;
				GCC_DYNAMIC_NO_PIC = NO;
				GCC_NO_COMMON_BLOCKS = YES;
				GCC_OPTIMIZATION_LEVEL = 0;
				GCC_PREPROCESSOR_DEFINITIONS = (
					"DEBUG=1",
					"$(inherited)",
				);
				GCC_WARN_64_TO_32_BIT_CONVERSION = YES;
				GCC_WARN_ABOUT_RETURN_TYPE = YES_ERROR;
				GCC_WARN_UNDECLARED_SELECTOR = YES;
				GCC_WARN_UNINITIALIZED_AUTOS = YES_AGGRESSIVE;
				GCC_WARN_UNUSED_FUNCTION = YES;
				GCC_WARN_UNUSED_VARIABLE = YES;
				IPHONEOS_DEPLOYMENT_TARGET = 13.0;
				MTL_ENABLE_DEBUG_INFO = INCLUDE_SOURCE;
				MTL_FAST_MATH = YES;
				ONLY_ACTIVE_ARCH = YES;
				SDKROOT = iphoneos;
				SWIFT_ACTIVE_COMPILATION_CONDITIONS = DEBUG;
				SWIFT_OPTIMIZATION_LEVEL = "-Onone";
			};
			name = Debug;
		};
		3D13B32A23472E6E0057F905 /* Release */ = {
			isa = XCBuildConfiguration;
			buildSettings = {
				ALWAYS_SEARCH_USER_PATHS = NO;
				CLANG_ANALYZER_NONNULL = YES;
				CLANG_ANALYZER_NUMBER_OBJECT_CONVERSION = YES_AGGRESSIVE;
				CLANG_CXX_LANGUAGE_STANDARD = "gnu++14";
				CLANG_CXX_LIBRARY = "libc++";
				CLANG_ENABLE_MODULES = YES;
				CLANG_ENABLE_OBJC_ARC = YES;
				CLANG_ENABLE_OBJC_WEAK = YES;
				CLANG_WARN_BLOCK_CAPTURE_AUTORELEASING = YES;
				CLANG_WARN_BOOL_CONVERSION = YES;
				CLANG_WARN_COMMA = YES;
				CLANG_WARN_CONSTANT_CONVERSION = YES;
				CLANG_WARN_DEPRECATED_OBJC_IMPLEMENTATIONS = YES;
				CLANG_WARN_DIRECT_OBJC_ISA_USAGE = YES_ERROR;
				CLANG_WARN_DOCUMENTATION_COMMENTS = YES;
				CLANG_WARN_EMPTY_BODY = YES;
				CLANG_WARN_ENUM_CONVERSION = YES;
				CLANG_WARN_INFINITE_RECURSION = YES;
				CLANG_WARN_INT_CONVERSION = YES;
				CLANG_WARN_NON_LITERAL_NULL_CONVERSION = YES;
				CLANG_WARN_OBJC_IMPLICIT_RETAIN_SELF = YES;
				CLANG_WARN_OBJC_LITERAL_CONVERSION = YES;
				CLANG_WARN_OBJC_ROOT_CLASS = YES_ERROR;
				CLANG_WARN_RANGE_LOOP_ANALYSIS = YES;
				CLANG_WARN_STRICT_PROTOTYPES = YES;
				CLANG_WARN_SUSPICIOUS_MOVE = YES;
				CLANG_WARN_UNGUARDED_AVAILABILITY = YES_AGGRESSIVE;
				CLANG_WARN_UNREACHABLE_CODE = YES;
				CLANG_WARN__DUPLICATE_METHOD_MATCH = YES;
				COPY_PHASE_STRIP = NO;
				DEBUG_INFORMATION_FORMAT = "dwarf-with-dsym";
				ENABLE_NS_ASSERTIONS = NO;
				ENABLE_STRICT_OBJC_MSGSEND = YES;
				GCC_C_LANGUAGE_STANDARD = gnu11;
				GCC_NO_COMMON_BLOCKS = YES;
				GCC_WARN_64_TO_32_BIT_CONVERSION = YES;
				GCC_WARN_ABOUT_RETURN_TYPE = YES_ERROR;
				GCC_WARN_UNDECLARED_SELECTOR = YES;
				GCC_WARN_UNINITIALIZED_AUTOS = YES_AGGRESSIVE;
				GCC_WARN_UNUSED_FUNCTION = YES;
				GCC_WARN_UNUSED_VARIABLE = YES;
				IPHONEOS_DEPLOYMENT_TARGET = 13.0;
				MTL_ENABLE_DEBUG_INFO = NO;
				MTL_FAST_MATH = YES;
				SDKROOT = iphoneos;
				SWIFT_COMPILATION_MODE = wholemodule;
				SWIFT_OPTIMIZATION_LEVEL = "-O";
				VALIDATE_PRODUCT = YES;
			};
			name = Release;
		};
		3D13B32C23472E6E0057F905 /* Debug */ = {
			isa = XCBuildConfiguration;
			buildSettings = {
				ASSETCATALOG_COMPILER_APPICON_NAME = AppIcon;
				CODE_SIGN_STYLE = Automatic;
				INFOPLIST_FILE = YJKit/Info.plist;
				LD_RUNPATH_SEARCH_PATHS = (
					"$(inherited)",
					"@executable_path/Frameworks",
				);
				PRODUCT_BUNDLE_IDENTIFIER = com.Keyon.YJKit;
				PRODUCT_NAME = "$(TARGET_NAME)";
				SWIFT_VERSION = 5.0;
				TARGETED_DEVICE_FAMILY = "1,2";
			};
			name = Debug;
		};
		3D13B32D23472E6E0057F905 /* Release */ = {
			isa = XCBuildConfiguration;
			buildSettings = {
				ASSETCATALOG_COMPILER_APPICON_NAME = AppIcon;
				CODE_SIGN_STYLE = Automatic;
				INFOPLIST_FILE = YJKit/Info.plist;
				LD_RUNPATH_SEARCH_PATHS = (
					"$(inherited)",
					"@executable_path/Frameworks",
				);
				PRODUCT_BUNDLE_IDENTIFIER = com.Keyon.YJKit;
				PRODUCT_NAME = "$(TARGET_NAME)";
				SWIFT_VERSION = 5.0;
				TARGETED_DEVICE_FAMILY = "1,2";
			};
			name = Release;
		};
/* End XCBuildConfiguration section */

/* Begin XCConfigurationList section */
		3D13B31223472E6E0057F905 /* Build configuration list for PBXProject "YJKit" */ = {
			isa = XCConfigurationList;
			buildConfigurations = (
				3D13B32923472E6E0057F905 /* Debug */,
				3D13B32A23472E6E0057F905 /* Release */,
			);
			defaultConfigurationIsVisible = 0;
			defaultConfigurationName = Release;
		};
		3D13B32B23472E6E0057F905 /* Build configuration list for PBXNativeTarget "YJKit" */ = {
			isa = XCConfigurationList;
			buildConfigurations = (
				3D13B32C23472E6E0057F905 /* Debug */,
				3D13B32D23472E6E0057F905 /* Release */,
			);
			defaultConfigurationIsVisible = 0;
			defaultConfigurationName = Release;
		};
/* End XCConfigurationList section */
	};
	rootObject = 3D13B30F23472E6E0057F905 /* Project object */;
}
